
Microsoft Visual Studio Solution File, Format Version 10.00
# Visual Studio 2008
Project("{8BC9CEB8-8B4A-11D0-8D11-00A0C91BC942}") = "BTL_VISION", "BTL_VISION\BTL_VISION.vcproj", "{AB53DEBB-A96B-4EC1-9CE5-82B6007F9A15}"
EndProject
Global
	GlobalSection(SolutionConfigurationPlatforms) = preSolution
		Debug|Win32 = Debug|Win32
		Release|Win32 = Release|Win32
	EndGlobalSection
	GlobalSection(ProjectConfigurationPlatforms) = postSolution
		{AB53DEBB-A96B-4EC1-9CE5-82B6007F9A15}.Debug|Win32.ActiveCfg = Debug|Win32
		{AB53DEBB-A96B-4EC1-9CE5-82B6007F9A15}.Debug|Win32.Build.0 = Debug|Win32
		{AB53DEBB-A96B-4EC1-9CE5-82B6007F9A15}.Release|Win32.ActiveCfg = Release|Win32
		{AB53DEBB-A96B-4EC1-9CE5-82B6007F9A15}.Release|Win32.Build.0 = Release|Win32
	EndGlobalSection
	GlobalSection(SolutionProperties) = preSolution
		HideSolutionNode = FALSE
	EndGlobalSection
EndGlobal
